# Generated by buf. DO NOT EDIT.
version: v1
deps:
  - remote: buf.build
    owner: envoyproxy
    repository: protoc-gen-validate
    branch: main
    commit: bb405eae115246f0b5ccf8997136e3d8
    digest: b1-BJUoAjBMVXaIMUNFJ5kdGr-be0QDwhDSTEDQpoxXzys=
    create_time: 2021-08-20T15:05:15.02577Z
  - remote: buf.build
    owner: googleapis
    repository: googleapis
    branch: main
    commit: 8719fb93cb9743e78a7947622a075f73
    digest: b1-f5iv7Et_eKRL1tuZQ43VAdj8iqTUTsucdxe-jwsKI1Y=
    create_time: 2021-08-25T15:05:20.474482Z
